
Microsoft Visual Studio Solution File, Format Version 12.00
# Visual Studio Version 16
VisualStudioVersion = 16.0.30611.23
MinimumVisualStudioVersion = 10.0.40219.1
Project("{888888A0-9F3D-457C-B088-3A5042F75D52}") = "AMS Calc", "AMS Calc\AMS Calc.pyproj", "{F1984FCD-22E5-461E-81B7-2E7F15ACAEFB}"
EndProject
Global
	GlobalSection(SolutionConfigurationPlatforms) = preSolution
		Debug|Any CPU = Debug|Any CPU
		Release|Any CPU = Release|Any CPU
	EndGlobalSection
	GlobalSection(ProjectConfigurationPlatforms) = postSolution
		{F1984FCD-22E5-461E-81B7-2E7F15ACAEFB}.Debug|Any CPU.ActiveCfg = Debug|Any CPU
		{F1984FCD-22E5-461E-81B7-2E7F15ACAEFB}.Release|Any CPU.ActiveCfg = Release|Any CPU
	EndGlobalSection
	GlobalSection(SolutionProperties) = preSolution
		HideSolutionNode = FALSE
	EndGlobalSection
	GlobalSection(ExtensibilityGlobals) = postSolution
		SolutionGuid = {5408C7E9-A4A4-4EB3-AE08-19190D1D088D}
	EndGlobalSection
EndGlobal
